
Microsoft Visual Studio Solution File, Format Version 10.00
# Visual Studio 2008
Project("{FAE04EC0-301F-11D3-BF4B-00C04F79EFBC}") = "TNT", "TNT\TNT.csproj", "{BA4D917A-7B5E-4F1D-8AE7-5F72E6F27DEF}"
EndProject
Global
	GlobalSection(SolutionConfigurationPlatforms) = preSolution
		Debug|Any CPU = Debug|Any CPU
		Release|Any CPU = Release|Any CPU
	EndGlobalSection
	GlobalSection(ProjectConfigurationPlatforms) = postSolution
		{BA4D917A-7B5E-4F1D-8AE7-5F72E6F27DEF}.Debug|Any CPU.ActiveCfg = Debug|Any CPU
		{BA4D917A-7B5E-4F1D-8AE7-5F72E6F27DEF}.Debug|Any CPU.Build.0 = Debug|Any CPU
		{BA4D917A-7B5E-4F1D-8AE7-5F72E6F27DEF}.Debug|Any CPU.Deploy.0 = Debug|Any CPU
		{BA4D917A-7B5E-4F1D-8AE7-5F72E6F27DEF}.Release|Any CPU.ActiveCfg = Release|Any CPU
		{BA4D917A-7B5E-4F1D-8AE7-5F72E6F27DEF}.Release|Any CPU.Build.0 = Release|Any CPU
		{BA4D917A-7B5E-4F1D-8AE7-5F72E6F27DEF}.Release|Any CPU.Deploy.0 = Release|Any CPU
	EndGlobalSection
	GlobalSection(SolutionProperties) = preSolution
		HideSolutionNode = FALSE
	EndGlobalSection
EndGlobal
